{
  "name": "angularjs",
  "version": "0.0.0",
  "lockfileVersion": 1,
  "requires": true,
  "dependencies": {
    "active-x-obfuscator": {
      "version": "0.0.1",
      "resolved": "https://registry.npmjs.org/active-x-obfuscator/-/active-x-obfuscator-0.0.1.tgz",
      "integrity": "sha1-CJuJs3FF/x2ex0r2UwvlUmyuHxo=",
      "dev": true,
      "requires": {
        "zeparser": "0.0.5"
      }
    },
    "adm-zip": {
      "version": "0.5.5",
      "resolved": "https://registry.npmjs.org/adm-zip/-/adm-zip-0.5.5.tgz",
      "integrity": "sha512-IWwXKnCbirdbyXSfUDvCCrmYrOHANRZcc8NcRrvTlIApdl7PwE9oGcsYvNeJPAVY1M+70b4PxXGKIf8AEuiQ6w==",
      "dev": true
    },
    "async": {
      "version": "0.2.10",
      "resolved": "https://registry.npmjs.org/async/-/async-0.2.10.tgz",
      "integrity": "sha1-trvgsGdLnXGXCMo43owjfLUmw9E=",
      "dev": true
    },
    "available-typed-arrays": {
      "version": "1.0.4",
      "resolved": "https://registry.npmjs.org/available-typed-arrays/-/available-typed-arrays-1.0.4.tgz",
      "integrity": "sha512-SA5mXJWrId1TaQjfxUYghbqQ/hYioKmLJvPJyDuYRtXXenFNMjj4hSSt1Cf1xsuXSXrtxrVC5Ot4eU6cOtBDdA==",
      "dev": true
    },
    "base64id": {
      "version": "0.1.0",
      "resolved": "https://registry.npmjs.org/base64id/-/base64id-0.1.0.tgz",
      "integrity": "sha1-As4P3u4M709ACA4ec+g08LG/zj8=",
      "dev": true
    },
    "bower": {
      "version": "1.8.12",
      "resolved": "https://registry.npmjs.org/bower/-/bower-1.8.12.tgz",
      "integrity": "sha512-u1xy9SrwwoPlgjuHNjhV+YUPVdqyBj2ALBxuzeIUKXaPI2i2xypGgxqXkuHcITGdi5yBj5JuXgyMvgiWiS1S3Q==",
      "dev": true
    },
    "buffer-crc32": {
      "version": "0.2.1",
      "resolved": "https://registry.npmjs.org/buffer-crc32/-/buffer-crc32-0.2.1.tgz",
      "integrity": "sha1-vj5TgvwCttYySVasGvmKqYsIU0w=",
      "dev": true
    },
    "bytes": {
      "version": "0.2.0",
      "resolved": "https://registry.npmjs.org/bytes/-/bytes-0.2.0.tgz",
      "integrity": "sha1-qtM+wU49wsp06OfUUfm6BTrU96A=",
      "dev": true
    },
    "call-bind": {
      "version": "1.0.2",
      "resolved": "https://registry.npmjs.org/call-bind/-/call-bind-1.0.2.tgz",
      "integrity": "sha512-7O+FbCihrB5WGbFYesctwmTKae6rOiIzmz1icreWJ+0aA7LJfuqhEso2T9ncpcFtzMQtzXf2QGGueWJGTYsqrA==",
      "dev": true,
      "requires": {
        "function-bind": "^1.1.1",
        "get-intrinsic": "^1.0.2"
      }
    },
    "chokidar": {
      "version": "0.8.4",
      "resolved": "https://registry.npmjs.org/chokidar/-/chokidar-0.8.4.tgz",
      "integrity": "sha1-OytQZoFwhlNLqBoJK9z0viW4vuA=",
      "dev": true,
      "requires": {
        "fsevents": "github:pipobscure/fsevents#7dcdf9fa3f8956610fd6f69f72c67bace2de7138",
        "recursive-readdir": "0.0.2"
      }
    },
    "coffee-script": {
      "version": "1.6.3",
      "resolved": "https://registry.npmjs.org/coffee-script/-/coffee-script-1.6.3.tgz",
      "integrity": "sha1-Y1XTLPGwTN/2tITl5xF4Ky8MOb4=",
      "dev": true
    },
    "colors": {
      "version": "0.6.2",
      "resolved": "https://registry.npmjs.org/colors/-/colors-0.6.2.tgz",
      "integrity": "sha1-JCP+ZnisDF2uiFLl0OW+CMmXq8w=",
      "dev": true
    },
    "commander": {
      "version": "2.1.0",
      "resolved": "https://registry.npmjs.org/commander/-/commander-2.1.0.tgz",
      "integrity": "sha1-0SG7roYNmZKj1Re6lvVliOR8Z4E=",
      "dev": true
    },
    "connect": {
      "version": "2.8.8",
      "resolved": "https://registry.npmjs.org/connect/-/connect-2.8.8.tgz",
      "integrity": "sha1-uav4yvC9l3PLPeopNEEZhyWCRG0=",
      "dev": true,
      "requires": {
        "buffer-crc32": "0.2.1",
        "bytes": "0.2.0",
        "cookie": "0.1.0",
        "cookie-signature": "1.0.1",
        "debug": "*",
        "formidable": "1.0.14",
        "fresh": "0.2.0",
        "methods": "0.0.1",
        "pause": "0.0.1",
        "qs": "0.6.5",
        "send": "0.1.4",
        "uid2": "0.0.2"
      },
      "dependencies": {
        "qs": {
          "version": "0.6.5",
          "resolved": "https://registry.npmjs.org/qs/-/qs-0.6.5.tgz",
          "integrity": "sha1-KUsmjksNQlD23eGbO4s0k13/FO8=",
          "dev": true
        }
      }
    },
    "cookie": {
      "version": "0.1.0",
      "resolved": "https://registry.npmjs.org/cookie/-/cookie-0.1.0.tgz",
      "integrity": "sha1-kOtGndzpBchm3mh+/EMTHYgB+dA=",
      "dev": true
    },
    "cookie-signature": {
      "version": "1.0.1",
      "resolved": "https://registry.npmjs.org/cookie-signature/-/cookie-signature-1.0.1.tgz",
      "integrity": "sha1-ROByFIrwHm6OJK+/EmkNaK5pjss=",
      "dev": true
    },
    "core-util-is": {
      "version": "1.0.2",
      "resolved": "https://registry.npmjs.org/core-util-is/-/core-util-is-1.0.2.tgz",
      "integrity": "sha1-tf1UIgqivFq1eqtxQMlAdUUDwac=",
      "dev": true
    },
    "debug": {
      "version": "4.3.2",
      "resolved": "https://registry.npmjs.org/debug/-/debug-4.3.2.tgz",
      "integrity": "sha512-mOp8wKcvj7XxC78zLgw/ZA+6TSgkoE2C/ienthhRD298T7UNwAg9diBpLRxC0mOezLl4B0xV7M0cCO6P/O0Xhw==",
      "dev": true,
      "requires": {
        "ms": "2.1.2"
      }
    },
    "deep-equal": {
      "version": "2.0.5",
      "resolved": "https://registry.npmjs.org/deep-equal/-/deep-equal-2.0.5.tgz",
      "integrity": "sha512-nPiRgmbAtm1a3JsnLCf6/SLfXcjyN5v8L1TXzdCmHrXJ4hx+gW/w1YCcn7z8gJtSiDArZCgYtbao3QqLm/N1Sw==",
      "dev": true,
      "requires": {
        "call-bind": "^1.0.0",
        "es-get-iterator": "^1.1.1",
        "get-intrinsic": "^1.0.1",
        "is-arguments": "^1.0.4",
        "is-date-object": "^1.0.2",
        "is-regex": "^1.1.1",
        "isarray": "^2.0.5",
        "object-is": "^1.1.4",
        "object-keys": "^1.1.1",
        "object.assign": "^4.1.2",
        "regexp.prototype.flags": "^1.3.0",
        "side-channel": "^1.0.3",
        "which-boxed-primitive": "^1.0.1",
        "which-collection": "^1.0.1",
        "which-typed-array": "^1.1.2"
      }
    },
    "define-properties": {
      "version": "1.1.3",
      "resolved": "https://registry.npmjs.org/define-properties/-/define-properties-1.1.3.tgz",
      "integrity": "sha512-3MqfYKj2lLzdMSf8ZIZE/V+Zuy+BgD6f164e8K2w7dgnpKArBDerGYpM46IYYcjnkdPNMjPk9A6VFB8+3SKlXQ==",
      "dev": true,
      "requires": {
        "object-keys": "^1.0.12"
      }
    },
    "di": {
      "version": "0.0.1",
      "resolved": "https://registry.npmjs.org/di/-/di-0.0.1.tgz",
      "integrity": "sha1-gGZJMmzqp8qjMG112YXqJ0i6kTw=",
      "dev": true
    },
    "ecstatic": {
      "version": "0.4.13",
      "resolved": "https://registry.npmjs.org/ecstatic/-/ecstatic-0.4.13.tgz",
      "integrity": "sha1-nLbq/+IRuchO+z9VPN4sMAJxeyk=",
      "dev": true,
      "requires": {
        "ent": "0.0.x",
        "mime": "1.2.x",
        "optimist": "~0.3.5"
      },
      "dependencies": {
        "optimist": {
          "version": "0.3.7",
          "resolved": "https://registry.npmjs.org/optimist/-/optimist-0.3.7.tgz",
          "integrity": "sha1-yQlBrVnkJzMokjB00s8ufLxuwNk=",
          "dev": true,
          "requires": {
            "wordwrap": "~0.0.2"
          }
        }
      }
    },
    "ent": {
      "version": "0.0.7",
      "resolved": "https://registry.npmjs.org/ent/-/ent-0.0.7.tgz",
      "integrity": "sha1-g11Of556jUkhxpLpAQ7JdtpemUk=",
      "dev": true
    },
    "es-abstract": {
      "version": "1.18.3",
      "resolved": "https://registry.npmjs.org/es-abstract/-/es-abstract-1.18.3.tgz",
      "integrity": "sha512-nQIr12dxV7SSxE6r6f1l3DtAeEYdsGpps13dR0TwJg1S8gyp4ZPgy3FZcHBgbiQqnoqSTb+oC+kO4UQ0C/J8vw==",
      "dev": true,
      "requires": {
        "call-bind": "^1.0.2",
        "es-to-primitive": "^1.2.1",
        "function-bind": "^1.1.1",
        "get-intrinsic": "^1.1.1",
        "has": "^1.0.3",
        "has-symbols": "^1.0.2",
        "is-callable": "^1.2.3",
        "is-negative-zero": "^2.0.1",
        "is-regex": "^1.1.3",
        "is-string": "^1.0.6",
        "object-inspect": "^1.10.3",
        "object-keys": "^1.1.1",
        "object.assign": "^4.1.2",
        "string.prototype.trimend": "^1.0.4",
        "string.prototype.trimstart": "^1.0.4",
        "unbox-primitive": "^1.0.1"
      }
    },
    "es-get-iterator": {
      "version": "1.1.2",
      "resolved": "https://registry.npmjs.org/es-get-iterator/-/es-get-iterator-1.1.2.tgz",
      "integrity": "sha512-+DTO8GYwbMCwbywjimwZMHp8AuYXOS2JZFWoi2AlPOS3ebnII9w/NLpNZtA7A0YLaVDw+O7KFCeoIV7OPvM7hQ==",
      "dev": true,
      "requires": {
        "call-bind": "^1.0.2",
        "get-intrinsic": "^1.1.0",
        "has-symbols": "^1.0.1",
        "is-arguments": "^1.1.0",
        "is-map": "^2.0.2",
        "is-set": "^2.0.2",
        "is-string": "^1.0.5",
        "isarray": "^2.0.5"
      }
    },
    "es-to-primitive": {
      "version": "1.2.1",
      "resolved": "https://registry.npmjs.org/es-to-primitive/-/es-to-primitive-1.2.1.tgz",
      "integrity": "sha512-QCOllgZJtaUo9miYBcLChTUaHNjJF3PYs1VidD7AwiEj1kYxKeQTctLAezAOH5ZKRH0g2IgPn6KwB4IT8iRpvA==",
      "dev": true,
      "requires": {
        "is-callable": "^1.1.4",
        "is-date-object": "^1.0.1",
        "is-symbol": "^1.0.2"
      }
    },
    "foreach": {
      "version": "2.0.5",
      "resolved": "https://registry.npmjs.org/foreach/-/foreach-2.0.5.tgz",
      "integrity": "sha1-C+4AUBiusmDQo6865ljdATbsG5k=",
      "dev": true
    },
    "formidable": {
      "version": "1.0.14",
      "resolved": "https://registry.npmjs.org/formidable/-/formidable-1.0.14.tgz",
      "integrity": "sha1-Kz9MQRy7X91pXESEPiojUUpDIxo=",
      "dev": true
    },
    "fresh": {
      "version": "0.2.0",
      "resolved": "https://registry.npmjs.org/fresh/-/fresh-0.2.0.tgz",
      "integrity": "sha1-v9lALPPfEsSkwxDHn5mj3eE9NKc=",
      "dev": true
    },
    "fsevents": {
      "version": "github:pipobscure/fsevents#7dcdf9fa3f8956610fd6f69f72c67bace2de7138",
      "from": "github:pipobscure/fsevents#7dcdf9fa3f8956610fd6f69f72c67bace2de7138",
      "dev": true,
      "optional": true,
      "requires": {
        "nan": "~0.8.0"
      },
      "dependencies": {
        "nan": {
          "version": "0.8.0",
          "resolved": "https://registry.npmjs.org/nan/-/nan-0.8.0.tgz",
          "integrity": "sha1-AiqPpen+hCCWSsH7PclOF/RJ9f0=",
          "dev": true,
          "optional": true
        }
      }
    },
    "function-bind": {
      "version": "1.1.1",
      "resolved": "https://registry.npmjs.org/function-bind/-/function-bind-1.1.1.tgz",
      "integrity": "sha512-yIovAzMX49sF8Yl58fSCWJ5svSLuaibPxXQJFLmBObTuCr0Mf1KiPopGM9NiFjiYBCbfaa2Fh6breQ6ANVTI0A==",
      "dev": true
    },
    "get-intrinsic": {
      "version": "1.1.1",
      "resolved": "https://registry.npmjs.org/get-intrinsic/-/get-intrinsic-1.1.1.tgz",
      "integrity": "sha512-kWZrnVM42QCiEA2Ig1bG8zjoIMOgxWwYCEeNdwY6Tv/cOSeGpcoX4pXHfKUxNKVoArnrEr2e9srnAxxGIraS9Q==",
      "dev": true,
      "requires": {
        "function-bind": "^1.1.1",
        "has": "^1.0.3",
        "has-symbols": "^1.0.1"
      }
    },
    "glob": {
      "version": "3.1.21",
      "resolved": "https://registry.npmjs.org/glob/-/glob-3.1.21.tgz",
      "integrity": "sha1-0p4KBV3qUTj00H7UDomC6DwgZs0=",
      "dev": true,
      "requires": {
        "graceful-fs": "~1.2.0",
        "inherits": "1",
        "minimatch": "~0.2.11"
      }
    },
    "graceful-fs": {
      "version": "1.2.3",
      "resolved": "https://registry.npmjs.org/graceful-fs/-/graceful-fs-1.2.3.tgz",
      "integrity": "sha1-FaSAaldUfLLS2/J/QuiajDRRs2Q=",
      "dev": true
    },
    "has": {
      "version": "1.0.3",
      "resolved": "https://registry.npmjs.org/has/-/has-1.0.3.tgz",
      "integrity": "sha512-f2dvO0VU6Oej7RkWJGrehjbzMAjFp5/VKPp5tTpWIV4JHHZK1/BxbFRtf/siA2SWTe09caDmVtYYzWEIbBS4zw==",
      "dev": true,
      "requires": {
        "function-bind": "^1.1.1"
      }
    },
    "has-bigints": {
      "version": "1.0.1",
      "resolved": "https://registry.npmjs.org/has-bigints/-/has-bigints-1.0.1.tgz",
      "integrity": "sha512-LSBS2LjbNBTf6287JEbEzvJgftkF5qFkmCo9hDRpAzKhUOlJ+hx8dd4USs00SgsUNwc4617J9ki5YtEClM2ffA==",
      "dev": true
    },
    "has-symbols": {
      "version": "1.0.2",
      "resolved": "https://registry.npmjs.org/has-symbols/-/has-symbols-1.0.2.tgz",
      "integrity": "sha512-chXa79rL/UC2KlX17jo3vRGz0azaWEx5tGqZg5pO3NUyEJVB17dMruQlzCCOfUvElghKcm5194+BCRvi2Rv/Gw==",
      "dev": true
    },
    "http-proxy": {
      "version": "0.10.4",
      "resolved": "https://registry.npmjs.org/http-proxy/-/http-proxy-0.10.4.tgz",
      "integrity": "sha1-FLoM6qIZf4n6MN6p57CeGc2Twi8=",
      "dev": true,
      "requires": {
        "colors": "0.x.x",
        "optimist": "0.6.x",
        "pkginfo": "0.3.x",
        "utile": "~0.2.1"
      },
      "dependencies": {
        "optimist": {
          "version": "0.6.1",
          "resolved": "https://registry.npmjs.org/optimist/-/optimist-0.6.1.tgz",
          "integrity": "sha1-2j6nRob6IaGaERwybpDrFaAZZoY=",
          "dev": true,
          "requires": {
            "minimist": "~0.0.1",
            "wordwrap": "~0.0.2"
          }
        },
        "pkginfo": {
          "version": "0.3.1",
          "resolved": "https://registry.npmjs.org/pkginfo/-/pkginfo-0.3.1.tgz",
          "integrity": "sha1-Wyn2qB9wcXFC4J52W76rl7T4HiE=",
          "dev": true
        }
      }
    },
    "http-server": {
      "version": "0.6.1",
      "resolved": "https://registry.npmjs.org/http-server/-/http-server-0.6.1.tgz",
      "integrity": "sha1-BvzmXPK9QTKleL2sYv+suX1hOYE=",
      "dev": true,
      "requires": {
        "colors": "0.6.x",
        "ecstatic": "0.4.x",
        "opener": "~1.3.0",
        "optimist": "0.5.x",
        "portfinder": "0.2.x",
        "union": "0.3.x"
      }
    },
    "i": {
      "version": "0.3.6",
      "resolved": "https://registry.npmjs.org/i/-/i-0.3.6.tgz",
      "integrity": "sha1-2WyScyB28HJxG2sQ/X1PZa2O4j0=",
      "dev": true
    },
    "inherits": {
      "version": "1.0.2",
      "resolved": "https://registry.npmjs.org/inherits/-/inherits-1.0.2.tgz",
      "integrity": "sha1-ykMJ2t7mtUzAuNJH6NfHoJdb3Js=",
      "dev": true
    },
    "is-arguments": {
      "version": "1.1.0",
      "resolved": "https://registry.npmjs.org/is-arguments/-/is-arguments-1.1.0.tgz",
      "integrity": "sha512-1Ij4lOMPl/xB5kBDn7I+b2ttPMKa8szhEIrXDuXQD/oe3HJLTLhqhgGspwgyGd6MOywBUqVvYicF72lkgDnIHg==",
      "dev": true,
      "requires": {
        "call-bind": "^1.0.0"
      }
    },
    "is-bigint": {
      "version": "1.0.2",
      "resolved": "https://registry.npmjs.org/is-bigint/-/is-bigint-1.0.2.tgz",
      "integrity": "sha512-0JV5+SOCQkIdzjBK9buARcV804Ddu7A0Qet6sHi3FimE9ne6m4BGQZfRn+NZiXbBk4F4XmHfDZIipLj9pX8dSA==",
      "dev": true
    },
    "is-boolean-object": {
      "version": "1.1.1",
      "resolved": "https://registry.npmjs.org/is-boolean-object/-/is-boolean-object-1.1.1.tgz",
      "integrity": "sha512-bXdQWkECBUIAcCkeH1unwJLIpZYaa5VvuygSyS/c2lf719mTKZDU5UdDRlpd01UjADgmW8RfqaP+mRaVPdr/Ng==",
      "dev": true,
      "requires": {
        "call-bind": "^1.0.2"
      }
    },
    "is-callable": {
      "version": "1.2.3",
      "resolved": "https://registry.npmjs.org/is-callable/-/is-callable-1.2.3.tgz",
      "integrity": "sha512-J1DcMe8UYTBSrKezuIUTUwjXsho29693unXM2YhJUTR2txK/eG47bvNa/wipPFmZFgr/N6f1GA66dv0mEyTIyQ==",
      "dev": true
    },
    "is-date-object": {
      "version": "1.0.4",
      "resolved": "https://registry.npmjs.org/is-date-object/-/is-date-object-1.0.4.tgz",
      "integrity": "sha512-/b4ZVsG7Z5XVtIxs/h9W8nvfLgSAyKYdtGWQLbqy6jA1icmgjf8WCoTKgeS4wy5tYaPePouzFMANbnj94c2Z+A==",
      "dev": true
    },
    "is-map": {
      "version": "2.0.2",
      "resolved": "https://registry.npmjs.org/is-map/-/is-map-2.0.2.tgz",
      "integrity": "sha512-cOZFQQozTha1f4MxLFzlgKYPTyj26picdZTx82hbc/Xf4K/tZOOXSCkMvU4pKioRXGDLJRn0GM7Upe7kR721yg==",
      "dev": true
    },
    "is-negative-zero": {
      "version": "2.0.1",
      "resolved": "https://registry.npmjs.org/is-negative-zero/-/is-negative-zero-2.0.1.tgz",
      "integrity": "sha512-2z6JzQvZRa9A2Y7xC6dQQm4FSTSTNWjKIYYTt4246eMTJmIo0Q+ZyOsU66X8lxK1AbB92dFeglPLrhwpeRKO6w==",
      "dev": true
    },
    "is-number-object": {
      "version": "1.0.5",
      "resolved": "https://registry.npmjs.org/is-number-object/-/is-number-object-1.0.5.tgz",
      "integrity": "sha512-RU0lI/n95pMoUKu9v1BZP5MBcZuNSVJkMkAG2dJqC4z2GlkGUNeH68SuHuBKBD/XFe+LHZ+f9BKkLET60Niedw==",
      "dev": true
    },
    "is-regex": {
      "version": "1.1.3",
      "resolved": "https://registry.npmjs.org/is-regex/-/is-regex-1.1.3.tgz",
      "integrity": "sha512-qSVXFz28HM7y+IWX6vLCsexdlvzT1PJNFSBuaQLQ5o0IEw8UDYW6/2+eCMVyIsbM8CNLX2a/QWmSpyxYEHY7CQ==",
      "dev": true,
      "requires": {
        "call-bind": "^1.0.2",
        "has-symbols": "^1.0.2"
      }
    },
    "is-set": {
      "version": "2.0.2",
      "resolved": "https://registry.npmjs.org/is-set/-/is-set-2.0.2.tgz",
      "integrity": "sha512-+2cnTEZeY5z/iXGbLhPrOAaK/Mau5k5eXq9j14CpRTftq0pAJu2MwVRSZhyZWBzx3o6X795Lz6Bpb6R0GKf37g==",
      "dev": true
    },
    "is-string": {
      "version": "1.0.6",
      "resolved": "https://registry.npmjs.org/is-string/-/is-string-1.0.6.tgz",
      "integrity": "sha512-2gdzbKUuqtQ3lYNrUTQYoClPhm7oQu4UdpSZMp1/DGgkHBT8E2Z1l0yMdb6D4zNAxwDiMv8MdulKROJGNl0Q0w==",
      "dev": true
    },
    "is-symbol": {
      "version": "1.0.4",
      "resolved": "https://registry.npmjs.org/is-symbol/-/is-symbol-1.0.4.tgz",
      "integrity": "sha512-C/CPBqKWnvdcxqIARxyOh4v1UUEOCHpgDa0WYgpKDFMszcrPcffg5uhwSgPCLD2WWxmq6isisz87tzT01tuGhg==",
      "dev": true,
      "requires": {
        "has-symbols": "^1.0.2"
      }
    },
    "is-typed-array": {
      "version": "1.1.5",
      "resolved": "https://registry.npmjs.org/is-typed-array/-/is-typed-array-1.1.5.tgz",
      "integrity": "sha512-S+GRDgJlR3PyEbsX/Fobd9cqpZBuvUS+8asRqYDMLCb2qMzt1oz5m5oxQCxOgUDxiWsOVNi4yaF+/uvdlHlYug==",
      "dev": true,
      "requires": {
        "available-typed-arrays": "^1.0.2",
        "call-bind": "^1.0.2",
        "es-abstract": "^1.18.0-next.2",
        "foreach": "^2.0.5",
        "has-symbols": "^1.0.1"
      }
    },
    "is-weakmap": {
      "version": "2.0.1",
      "resolved": "https://registry.npmjs.org/is-weakmap/-/is-weakmap-2.0.1.tgz",
      "integrity": "sha512-NSBR4kH5oVj1Uwvv970ruUkCV7O1mzgVFO4/rev2cLRda9Tm9HrL70ZPut4rOHgY0FNrUu9BCbXA2sdQ+x0chA==",
      "dev": true
    },
    "is-weakset": {
      "version": "2.0.1",
      "resolved": "https://registry.npmjs.org/is-weakset/-/is-weakset-2.0.1.tgz",
      "integrity": "sha512-pi4vhbhVHGLxohUw7PhGsueT4vRGFoXhP7+RGN0jKIv9+8PWYCQTqtADngrxOm2g46hoH0+g8uZZBzMrvVGDmw==",
      "dev": true
    },
    "isarray": {
      "version": "2.0.5",
      "resolved": "https://registry.npmjs.org/isarray/-/isarray-2.0.5.tgz",
      "integrity": "sha512-xHjhDr3cNBK0BzdUJSPXZntQUx/mwMS5Rw4A7lPJ90XGAO6ISP/ePDNuo0vhqOZU+UD5JoodwCAAoZQd3FeAKw==",
      "dev": true
    },
    "karma": {
      "version": "0.10.10",
      "resolved": "https://registry.npmjs.org/karma/-/karma-0.10.10.tgz",
      "integrity": "sha1-E39KrQ++WFTnPowespPA5UCCWkk=",
      "dev": true,
      "requires": {
        "chokidar": "~0.8.0",
        "coffee-script": "~1.6",
        "colors": "0.6.0-1",
        "connect": "~2.8.4",
        "di": "~0.0.1",
        "glob": "~3.1.21",
        "graceful-fs": "~1.2.1",
        "http-proxy": "~0.10",
        "lodash": "~1.1",
        "log4js": "~0.6.3",
        "mime": "~1.2",
        "minimatch": "~0.2",
        "optimist": "~0.3",
        "q": "~0.9",
        "rimraf": "~2.1",
        "socket.io": "~0.9.13",
        "useragent": "~2.0.4"
      },
      "dependencies": {
        "colors": {
          "version": "0.6.0-1",
          "resolved": "https://registry.npmjs.org/colors/-/colors-0.6.0-1.tgz",
          "integrity": "sha1-bbtozri8YPKzE9zFzhWZ8G0Z5no=",
          "dev": true
        },
        "optimist": {
          "version": "0.3.7",
          "resolved": "https://registry.npmjs.org/optimist/-/optimist-0.3.7.tgz",
          "integrity": "sha1-yQlBrVnkJzMokjB00s8ufLxuwNk=",
          "dev": true,
          "requires": {
            "wordwrap": "~0.0.2"
          }
        }
      }
    },
    "karma-junit-reporter": {
      "version": "0.2.2",
      "resolved": "https://registry.npmjs.org/karma-junit-reporter/-/karma-junit-reporter-0.2.2.tgz",
      "integrity": "sha1-TN1OIa/9PgkOe6c+PHZuqeE8Rbo=",
      "dev": true,
      "requires": {
        "xmlbuilder": "0.4.2"
      }
    },
    "lodash": {
      "version": "1.1.1",
      "resolved": "https://registry.npmjs.org/lodash/-/lodash-1.1.1.tgz",
      "integrity": "sha1-QaKy6aAOZNbRmZ8UP/awdV9ruyQ=",
      "dev": true
    },
    "log4js": {
      "version": "0.6.38",
      "resolved": "https://registry.npmjs.org/log4js/-/log4js-0.6.38.tgz",
      "integrity": "sha1-LElBFmldb7JUgJQ9P8hy5mKlIv0=",
      "dev": true,
      "requires": {
        "readable-stream": "~1.0.2",
        "semver": "~4.3.3"
      }
    },
    "lru-cache": {
      "version": "2.7.3",
      "resolved": "https://registry.npmjs.org/lru-cache/-/lru-cache-2.7.3.tgz",
      "integrity": "sha1-bUUk6LlV+V1PW1iFHOId1y+06VI=",
      "dev": true
    },
    "methods": {
      "version": "0.0.1",
      "resolved": "https://registry.npmjs.org/methods/-/methods-0.0.1.tgz",
      "integrity": "sha1-J3yQ+L7zlwlkWoNxxRw7bGSOBow=",
      "dev": true
    },
    "mime": {
      "version": "1.2.11",
      "resolved": "https://registry.npmjs.org/mime/-/mime-1.2.11.tgz",
      "integrity": "sha1-WCA+7Ybjpe8XrtK32evUfwpg3RA=",
      "dev": true
    },
    "minijasminenode": {
      "version": "1.1.1",
      "resolved": "https://registry.npmjs.org/minijasminenode/-/minijasminenode-1.1.1.tgz",
      "integrity": "sha1-f5Y31mQopTHAX08QtpoxG137YOk=",
      "dev": true
    },
    "minimatch": {
      "version": "0.2.14",
      "resolved": "https://registry.npmjs.org/minimatch/-/minimatch-0.2.14.tgz",
      "integrity": "sha1-x054BXT2PG+aCQ6Q775u9TpqdWo=",
      "dev": true,
      "requires": {
        "lru-cache": "2",
        "sigmund": "~1.0.0"
      }
    },
    "minimist": {
      "version": "0.0.10",
      "resolved": "https://registry.npmjs.org/minimist/-/minimist-0.0.10.tgz",
      "integrity": "sha1-3j+YVD2/lggr5IrRoMfNqDYwHc8=",
      "dev": true
    },
    "mkdirp": {
      "version": "0.0.7",
      "resolved": "https://registry.npmjs.org/mkdirp/-/mkdirp-0.0.7.tgz",
      "integrity": "sha1-2JtPDkw+XlylQjWTFnXglP4aUHI=",
      "dev": true
    },
    "ms": {
      "version": "2.1.2",
      "resolved": "https://registry.npmjs.org/ms/-/ms-2.1.2.tgz",
      "integrity": "sha512-sGkPx+VjMtmA6MX27oA4FBFELFCZZ4S4XqeGOXCv68tT+jb3vk/RyaKWP0PTKyWtmLSM0b+adUTEvbs1PEaH2w==",
      "dev": true
    },
    "nan": {
      "version": "1.0.0",
      "resolved": "https://registry.npmjs.org/nan/-/nan-1.0.0.tgz",
      "integrity": "sha1-riT4hQgY1mL8q1rPfzuVv6oszzg=",
      "dev": true
    },
    "ncp": {
      "version": "0.4.2",
      "resolved": "https://registry.npmjs.org/ncp/-/ncp-0.4.2.tgz",
      "integrity": "sha1-q8xsvT7C7Spyn/bnwfqPAXhKhXQ=",
      "dev": true
    },
    "object-inspect": {
      "version": "1.11.0",
      "resolved": "https://registry.npmjs.org/object-inspect/-/object-inspect-1.11.0.tgz",
      "integrity": "sha512-jp7ikS6Sd3GxQfZJPyH3cjcbJF6GZPClgdV+EFygjFLQ5FmW/dRUnTd9PQ9k0JhoNDabWFbpF1yCdSWCC6gexg==",
      "dev": true
    },
    "object-is": {
      "version": "1.1.5",
      "resolved": "https://registry.npmjs.org/object-is/-/object-is-1.1.5.tgz",
      "integrity": "sha512-3cyDsyHgtmi7I7DfSSI2LDp6SK2lwvtbg0p0R1e0RvTqF5ceGx+K2dfSjm1bKDMVCFEDAQvy+o8c6a7VujOddw==",
      "dev": true,
      "requires": {
        "call-bind": "^1.0.2",
        "define-properties": "^1.1.3"
      }
    },
    "object-keys": {
      "version": "1.1.1",
      "resolved": "https://registry.npmjs.org/object-keys/-/object-keys-1.1.1.tgz",
      "integrity": "sha512-NuAESUOUMrlIXOfHKzD6bpPu3tYt3xvjNdRIQ+FeT0lNb4K8WR70CaDxhuNguS2XG+GjkyMwOzsN5ZktImfhLA==",
      "dev": true
    },
    "object.assign": {
      "version": "4.1.2",
      "resolved": "https://registry.npmjs.org/object.assign/-/object.assign-4.1.2.tgz",
      "integrity": "sha512-ixT2L5THXsApyiUPYKmW+2EHpXXe5Ii3M+f4e+aJFAHao5amFRW6J0OO6c/LU8Be47utCx2GL89hxGB6XSmKuQ==",
      "dev": true,
      "requires": {
        "call-bind": "^1.0.0",
        "define-properties": "^1.1.3",
        "has-symbols": "^1.0.1",
        "object-keys": "^1.1.1"
      }
    },
    "opener": {
      "version": "1.3.0",
      "resolved": "https://registry.npmjs.org/opener/-/opener-1.3.0.tgz",
      "integrity": "sha1-EwumYiE/qELttM0DYdMaFTAaQ+I=",
      "dev": true
    },
    "optimist": {
      "version": "0.5.2",
      "resolved": "https://registry.npmjs.org/optimist/-/optimist-0.5.2.tgz",
      "integrity": "sha1-hcjBRUszFeSniUfoV7HfAzRQv7w=",
      "dev": true,
      "requires": {
        "wordwrap": "~0.0.2"
      }
    },
    "options": {
      "version": "0.0.6",
      "resolved": "https://registry.npmjs.org/options/-/options-0.0.6.tgz",
      "integrity": "sha1-7CLTEoBrtT5zF3Pnza788cZDEo8=",
      "dev": true
    },
    "pause": {
      "version": "0.0.1",
      "resolved": "https://registry.npmjs.org/pause/-/pause-0.0.1.tgz",
      "integrity": "sha1-HUCLP9t2kjuVQ9lvtMnf1TXZy10=",
      "dev": true
    },
    "pkginfo": {
      "version": "0.2.3",
      "resolved": "https://registry.npmjs.org/pkginfo/-/pkginfo-0.2.3.tgz",
      "integrity": "sha1-cjnEKl72wwuPMoQ52bn/cQQkkPg=",
      "dev": true
    },
    "policyfile": {
      "version": "0.0.4",
      "resolved": "https://registry.npmjs.org/policyfile/-/policyfile-0.0.4.tgz",
      "integrity": "sha1-1rgurZiueeviKOLa9ZAzEeyYLk0=",
      "dev": true
    },
    "portfinder": {
      "version": "0.2.1",
      "resolved": "https://registry.npmjs.org/portfinder/-/portfinder-0.2.1.tgz",
      "integrity": "sha1-srmwFk+eF/o6nH2yME0KdRQMca0=",
      "dev": true,
      "requires": {
        "mkdirp": "0.0.x"
      }
    },
    "protractor": {
      "version": "0.20.1",
      "resolved": "https://registry.npmjs.org/protractor/-/protractor-0.20.1.tgz",
      "integrity": "sha1-vl0LAlhuCtfIHxuaXcdmwUcn/l4=",
      "dev": true,
      "requires": {
        "adm-zip": ">=0.4.2",
        "glob": ">=3.1.14",
        "minijasminenode": ">=0.2.7",
        "optimist": "~0.6.0",
        "q": "1.0.0",
        "saucelabs": "~0.1.0",
        "selenium-webdriver": "~2.40.0"
      },
      "dependencies": {
        "optimist": {
          "version": "0.6.1",
          "resolved": "https://registry.npmjs.org/optimist/-/optimist-0.6.1.tgz",
          "integrity": "sha1-2j6nRob6IaGaERwybpDrFaAZZoY=",
          "dev": true,
          "requires": {
            "minimist": "~0.0.1",
            "wordwrap": "~0.0.2"
          }
        },
        "q": {
          "version": "1.0.0",
          "resolved": "https://registry.npmjs.org/q/-/q-1.0.0.tgz",
          "integrity": "sha1-3B+SxFh75U94U7Kdwo5tJDqISY0=",
          "dev": true
        }
      }
    },
    "q": {
      "version": "0.9.7",
      "resolved": "https://registry.npmjs.org/q/-/q-0.9.7.tgz",
      "integrity": "sha1-TeLmyzspCIyeTLwDv51C+5bOL3U=",
      "dev": true
    },
    "qs": {
      "version": "0.5.6",
      "resolved": "https://registry.npmjs.org/qs/-/qs-0.5.6.tgz",
      "integrity": "sha1-MbGtBYVnZRxSaSFQa5qHk5EaA4Q=",
      "dev": true
    },
    "range-parser": {
      "version": "0.0.4",
      "resolved": "https://registry.npmjs.org/range-parser/-/range-parser-0.0.4.tgz",
      "integrity": "sha1-wEJ//vUcEKy6B4KkbJYC50T/Ygs=",
      "dev": true
    },
    "readable-stream": {
      "version": "1.0.34",
      "resolved": "https://registry.npmjs.org/readable-stream/-/readable-stream-1.0.34.tgz",
      "integrity": "sha1-Elgg40vIQtLyqq+v5MKRbuMsFXw=",
      "dev": true,
      "requires": {
        "core-util-is": "~1.0.0",
        "inherits": "~2.0.1",
        "isarray": "0.0.1",
        "string_decoder": "~0.10.x"
      },
      "dependencies": {
        "inherits": {
          "version": "2.0.4",
          "resolved": "https://registry.npmjs.org/inherits/-/inherits-2.0.4.tgz",
          "integrity": "sha512-k/vGaX4/Yla3WzyMCvTQOXYeIHvqOKtnqBduzTHpzpQZzAskKMhZ2K+EnBiSM9zGSoIFeMpXKxa4dYeZIQqewQ==",
          "dev": true
        },
        "isarray": {
          "version": "0.0.1",
          "resolved": "https://registry.npmjs.org/isarray/-/isarray-0.0.1.tgz",
          "integrity": "sha1-ihis/Kmo9Bd+Cav8YDiTmwXR7t8=",
          "dev": true
        }
      }
    },
    "recursive-readdir": {
      "version": "0.0.2",
      "resolved": "https://registry.npmjs.org/recursive-readdir/-/recursive-readdir-0.0.2.tgz",
      "integrity": "sha1-C8R9xIOOZG3M+6BQe15X/7/zX3w=",
      "dev": true,
      "optional": true
    },
    "redis": {
      "version": "0.7.3",
      "resolved": "https://registry.npmjs.org/redis/-/redis-0.7.3.tgz",
      "integrity": "sha1-7le3pE0l7BWU5ENl2BZfp9HUgRo=",
      "dev": true,
      "optional": true
    },
    "regexp.prototype.flags": {
      "version": "1.3.1",
      "resolved": "https://registry.npmjs.org/regexp.prototype.flags/-/regexp.prototype.flags-1.3.1.tgz",
      "integrity": "sha512-JiBdRBq91WlY7uRJ0ds7R+dU02i6LKi8r3BuQhNXn+kmeLN+EfHhfjqMRis1zJxnlu88hq/4dx0P2OP3APRTOA==",
      "dev": true,
      "requires": {
        "call-bind": "^1.0.2",
        "define-properties": "^1.1.3"
      }
    },
    "rimraf": {
      "version": "2.1.4",
      "resolved": "https://registry.npmjs.org/rimraf/-/rimraf-2.1.4.tgz",
      "integrity": "sha1-Wm62Lu2gaPUe3lDymz5c0i89m7I=",
      "dev": true,
      "requires": {
        "graceful-fs": "~1"
      }
    },
    "saucelabs": {
      "version": "0.1.1",
      "resolved": "https://registry.npmjs.org/saucelabs/-/saucelabs-0.1.1.tgz",
      "integrity": "sha1-Xg6hzz1zXW6hX96Utb2mvBXSwG0=",
      "dev": true
    },
    "selenium-webdriver": {
      "version": "2.40.0",
      "resolved": "https://registry.npmjs.org/selenium-webdriver/-/selenium-webdriver-2.40.0.tgz",
      "integrity": "sha1-ykYDwIMR7DaI1n4cjoJjy5wcFFA=",
      "dev": true
    },
    "semver": {
      "version": "4.3.6",
      "resolved": "https://registry.npmjs.org/semver/-/semver-4.3.6.tgz",
      "integrity": "sha1-MAvG4OhjdPe6YQaLWx7NV/xlMto=",
      "dev": true
    },
    "send": {
      "version": "0.1.4",
      "resolved": "https://registry.npmjs.org/send/-/send-0.1.4.tgz",
      "integrity": "sha1-vnDY0b4B3mGCGvE3gLUDRaT3Gr0=",
      "dev": true,
      "requires": {
        "debug": "*",
        "fresh": "0.2.0",
        "mime": "~1.2.9",
        "range-parser": "0.0.4"
      }
    },
    "shelljs": {
      "version": "0.2.6",
      "resolved": "https://registry.npmjs.org/shelljs/-/shelljs-0.2.6.tgz",
      "integrity": "sha1-kEktcv/MgVmXa6umL7D2iE8MM3g=",
      "dev": true
    },
    "side-channel": {
      "version": "1.0.4",
      "resolved": "https://registry.npmjs.org/side-channel/-/side-channel-1.0.4.tgz",
      "integrity": "sha512-q5XPytqFEIKHkGdiMIrY10mvLRvnQh42/+GoBlFW3b2LXLE2xxJpZFdm94we0BaoV3RwJyGqg5wS7epxTv0Zvw==",
      "dev": true,
      "requires": {
        "call-bind": "^1.0.0",
        "get-intrinsic": "^1.0.2",
        "object-inspect": "^1.9.0"
      }
    },
    "sigmund": {
      "version": "1.0.1",
      "resolved": "https://registry.npmjs.org/sigmund/-/sigmund-1.0.1.tgz",
      "integrity": "sha1-P/IfGYytIXX587eBhT/ZTQ0ZtZA=",
      "dev": true
    },
    "socket.io": {
      "version": "0.9.19",
      "resolved": "https://registry.npmjs.org/socket.io/-/socket.io-0.9.19.tgz",
      "integrity": "sha1-SQu1/Q3FTPAC7gTmf638Q7hIo48=",
      "dev": true,
      "requires": {
        "base64id": "0.1.0",
        "policyfile": "0.0.4",
        "redis": "0.7.3",
        "socket.io-client": "0.9.16"
      }
    },
    "socket.io-client": {
      "version": "0.9.16",
      "resolved": "https://registry.npmjs.org/socket.io-client/-/socket.io-client-0.9.16.tgz",
      "integrity": "sha1-TadRXF53MEHRtCOXBBW8xDDzX8Y=",
      "dev": true,
      "requires": {
        "active-x-obfuscator": "0.0.1",
        "uglify-js": "1.2.5",
        "ws": "0.4.x",
        "xmlhttprequest": "1.4.2"
      }
    },
    "string.prototype.trimend": {
      "version": "1.0.4",
      "resolved": "https://registry.npmjs.org/string.prototype.trimend/-/string.prototype.trimend-1.0.4.tgz",
      "integrity": "sha512-y9xCjw1P23Awk8EvTpcyL2NIr1j7wJ39f+k6lvRnSMz+mz9CGz9NYPelDk42kOz6+ql8xjfK8oYzy3jAP5QU5A==",
      "dev": true,
      "requires": {
        "call-bind": "^1.0.2",
        "define-properties": "^1.1.3"
      }
    },
    "string.prototype.trimstart": {
      "version": "1.0.4",
      "resolved": "https://registry.npmjs.org/string.prototype.trimstart/-/string.prototype.trimstart-1.0.4.tgz",
      "integrity": "sha512-jh6e984OBfvxS50tdY2nRZnoC5/mLFKOREQfw8t5yytkoUsJRNxvI/E39qu1sD0OtWI3OC0XgKSmcWwziwYuZw==",
      "dev": true,
      "requires": {
        "call-bind": "^1.0.2",
        "define-properties": "^1.1.3"
      }
    },
    "string_decoder": {
      "version": "0.10.31",
      "resolved": "https://registry.npmjs.org/string_decoder/-/string_decoder-0.10.31.tgz",
      "integrity": "sha1-YuIDvEF2bGwoyfyEMB2rHFMQ+pQ=",
      "dev": true
    },
    "tinycolor": {
      "version": "0.0.1",
      "resolved": "https://registry.npmjs.org/tinycolor/-/tinycolor-0.0.1.tgz",
      "integrity": "sha1-MgtaUtg6u1l42Bo+iH1K77FaYWQ=",
      "dev": true
    },
    "uglify-js": {
      "version": "1.2.5",
      "resolved": "https://registry.npmjs.org/uglify-js/-/uglify-js-1.2.5.tgz",
      "integrity": "sha1-tULCx29477NLIAsgF3Y0Mw/3ArY=",
      "dev": true
    },
    "uid2": {
      "version": "0.0.2",
      "resolved": "https://registry.npmjs.org/uid2/-/uid2-0.0.2.tgz",
      "integrity": "sha1-EH+xVcgsETZiB5ftTIjPKwj2qrg=",
      "dev": true
    },
    "unbox-primitive": {
      "version": "1.0.1",
      "resolved": "https://registry.npmjs.org/unbox-primitive/-/unbox-primitive-1.0.1.tgz",
      "integrity": "sha512-tZU/3NqK3dA5gpE1KtyiJUrEB0lxnGkMFHptJ7q6ewdZ8s12QrODwNbhIJStmJkd1QDXa1NRA8aF2A1zk/Ypyw==",
      "dev": true,
      "requires": {
        "function-bind": "^1.1.1",
        "has-bigints": "^1.0.1",
        "has-symbols": "^1.0.2",
        "which-boxed-primitive": "^1.0.2"
      }
    },
    "union": {
      "version": "0.3.8",
      "resolved": "https://registry.npmjs.org/union/-/union-0.3.8.tgz",
      "integrity": "sha1-JqcCpNNSi0NYyXEcir/2zJHSQlc=",
      "dev": true,
      "requires": {
        "pkginfo": "0.2.x",
        "qs": "0.5.x"
      }
    },
    "useragent": {
      "version": "2.0.10",
      "resolved": "https://registry.npmjs.org/useragent/-/useragent-2.0.10.tgz",
      "integrity": "sha1-rywcxkEVk2Hk2DCGbrcWukZ53jM=",
      "dev": true,
      "requires": {
        "lru-cache": "2.2.x"
      },
      "dependencies": {
        "lru-cache": {
          "version": "2.2.4",
          "resolved": "https://registry.npmjs.org/lru-cache/-/lru-cache-2.2.4.tgz",
          "integrity": "sha1-bGWGGb7PFAMdDQtZSxYELOTcBj0=",
          "dev": true
        }
      }
    },
    "utile": {
      "version": "0.2.1",
      "resolved": "https://registry.npmjs.org/utile/-/utile-0.2.1.tgz",
      "integrity": "sha1-kwyI6ZCY1iIINMNWy9mncFItkNc=",
      "dev": true,
      "requires": {
        "async": "~0.2.9",
        "deep-equal": "*",
        "i": "0.3.x",
        "mkdirp": "0.x.x",
        "ncp": "0.4.x",
        "rimraf": "2.x.x"
      }
    },
    "which-boxed-primitive": {
      "version": "1.0.2",
      "resolved": "https://registry.npmjs.org/which-boxed-primitive/-/which-boxed-primitive-1.0.2.tgz",
      "integrity": "sha512-bwZdv0AKLpplFY2KZRX6TvyuN7ojjr7lwkg6ml0roIy9YeuSr7JS372qlNW18UQYzgYK9ziGcerWqZOmEn9VNg==",
      "dev": true,
      "requires": {
        "is-bigint": "^1.0.1",
        "is-boolean-object": "^1.1.0",
        "is-number-object": "^1.0.4",
        "is-string": "^1.0.5",
        "is-symbol": "^1.0.3"
      }
    },
    "which-collection": {
      "version": "1.0.1",
      "resolved": "https://registry.npmjs.org/which-collection/-/which-collection-1.0.1.tgz",
      "integrity": "sha512-W8xeTUwaln8i3K/cY1nGXzdnVZlidBcagyNFtBdD5kxnb4TvGKR7FfSIS3mYpwWS1QUCutfKz8IY8RjftB0+1A==",
      "dev": true,
      "requires": {
        "is-map": "^2.0.1",
        "is-set": "^2.0.1",
        "is-weakmap": "^2.0.1",
        "is-weakset": "^2.0.1"
      }
    },
    "which-typed-array": {
      "version": "1.1.4",
      "resolved": "https://registry.npmjs.org/which-typed-array/-/which-typed-array-1.1.4.tgz",
      "integrity": "sha512-49E0SpUe90cjpoc7BOJwyPHRqSAd12c10Qm2amdEZrJPCY2NDxaW01zHITrem+rnETY3dwrbH3UUrUwagfCYDA==",
      "dev": true,
      "requires": {
        "available-typed-arrays": "^1.0.2",
        "call-bind": "^1.0.0",
        "es-abstract": "^1.18.0-next.1",
        "foreach": "^2.0.5",
        "function-bind": "^1.1.1",
        "has-symbols": "^1.0.1",
        "is-typed-array": "^1.1.3"
      }
    },
    "wordwrap": {
      "version": "0.0.3",
      "resolved": "https://registry.npmjs.org/wordwrap/-/wordwrap-0.0.3.tgz",
      "integrity": "sha1-o9XabNXAvAAI03I0u68b7WMFkQc=",
      "dev": true
    },
    "ws": {
      "version": "0.4.32",
      "resolved": "https://registry.npmjs.org/ws/-/ws-0.4.32.tgz",
      "integrity": "sha1-eHphVEFPPJntg8V3IVOyD+sM7DI=",
      "dev": true,
      "requires": {
        "commander": "~2.1.0",
        "nan": "~1.0.0",
        "options": ">=0.0.5",
        "tinycolor": "0.x"
      }
    },
    "xmlbuilder": {
      "version": "0.4.2",
      "resolved": "https://registry.npmjs.org/xmlbuilder/-/xmlbuilder-0.4.2.tgz",
      "integrity": "sha1-F3bWXz/brUcKCNhgTN6xxOVA/4M=",
      "dev": true
    },
    "xmlhttprequest": {
      "version": "1.4.2",
      "resolved": "https://registry.npmjs.org/xmlhttprequest/-/xmlhttprequest-1.4.2.tgz",
      "integrity": "sha1-AUU6HZvtHo8XL2SVu/TIxCYyFQA=",
      "dev": true
    },
    "zeparser": {
      "version": "0.0.5",
      "resolved": "https://registry.npmjs.org/zeparser/-/zeparser-0.0.5.tgz",
      "integrity": "sha1-A3JlYbwmjy5URPVMZlt/1KjAKeI=",
      "dev": true
    }
  }
}
